
Microsoft Visual Studio Solution File, Format Version 12.00
# Visual Studio Version 17
VisualStudioVersion = 17.5.002.0
MinimumVisualStudioVersion = 10.0.40219.1
Project("{9A19103F-16F7-4668-BE54-9A1E7A4F7556}") = "AlcoolOuGasolina", "AlcoolOuGasolina.csproj", "{DF00AD5B-B079-4D8F-8BB0-E413E6AFDD36}"
EndProject
Global
	GlobalSection(SolutionConfigurationPlatforms) = preSolution
		Debug|Any CPU = Debug|Any CPU
		Release|Any CPU = Release|Any CPU
	EndGlobalSection
	GlobalSection(ProjectConfigurationPlatforms) = postSolution
		{DF00AD5B-B079-4D8F-8BB0-E413E6AFDD36}.Debug|Any CPU.ActiveCfg = Debug|Any CPU
		{DF00AD5B-B079-4D8F-8BB0-E413E6AFDD36}.Debug|Any CPU.Build.0 = Debug|Any CPU
		{DF00AD5B-B079-4D8F-8BB0-E413E6AFDD36}.Release|Any CPU.ActiveCfg = Release|Any CPU
		{DF00AD5B-B079-4D8F-8BB0-E413E6AFDD36}.Release|Any CPU.Build.0 = Release|Any CPU
	EndGlobalSection
	GlobalSection(SolutionProperties) = preSolution
		HideSolutionNode = FALSE
	EndGlobalSection
	GlobalSection(ExtensibilityGlobals) = postSolution
		SolutionGuid = {1B9F2E46-0D91-4629-88E1-913C9AE38273}
	EndGlobalSection
EndGlobal
